github.com/jukeizu/contract v0.0.1 h1:2OSrjCVcjKWWop1T5u+xB0nFKQ6+aTCjW39yZWIgIqE=
github.com/jukeizu/contract v0.0.1/go.mod h1:aVjy5DMYaMeau/X9geP9BQczGhhM99ppGf+gpRCVr+c=
github.com/jukeizu/contract v0.0.2-0.20190203021534-1caed759e08f h1:Yp4RX+eIAdbNWPztGaAZ/UeK+Wi0DHt0oWkVX5Q7ZUQ=
github.com/jukeizu/contract v0.0.2-0.20190203021534-1caed759e08f/go.mod h1:aVjy5DMYaMeau/X9geP9BQczGhhM99ppGf+gpRCVr+c=
github.com/jukeizu/contract v0.0.2-0.20190203023035-527f888b8c43 h1:mnHYvXShJowfLwvUcGutEJ2VtZfbpwr6JraZsF5Djr4=
github.com/jukeizu/contract v0.0.2-0.20190203023035-527f888b8c43/go.mod h1:aVjy5DMYaMeau/X9geP9BQczGhhM99ppGf+gpRCVr+c=
github.com/jukeizu/contract v0.0.2 h1:GfxqrWCVSD1k+YmV0cjLX6PncHMS8JP09bvRxVt+e0Q=
github.com/jukeizu/contract v0.0.2/go.mod h1:aVjy5DMYaMeau/X9geP9BQczGhhM99ppGf+gpRCVr+c=
